{
  "nodes": {
    "nixpkgs": {
      "locked": {
        "lastModified": 1683627095,
        "narHash": "sha256-8u9SejRpL2TrMuHBdhYh4FKc1OGPDLyWTpIbNTtoHsA=",
        "path": "/nix/store/gy05qxyhp8bifknnb7ivy4gl7ry82qp8-source",
        "rev": "a08e061a4ee8329747d54ddf1566d34c55c895eb",
        "type": "path"
      },
      "original": {
        "id": "nixpkgs",
        "type": "indirect"
      }
    },
    "nixpkgs-unstable": {
      "locked": {
        "lastModified": 1683408522,
        "narHash": "sha256-9kcPh6Uxo17a3kK3XCHhcWiV1Yu1kYj22RHiymUhMkU=",
        "owner": "NixOS",
        "repo": "nixpkgs",
        "rev": "897876e4c484f1e8f92009fd11b7d988a121a4e7",
        "type": "github"
      },
      "original": {
        "owner": "NixOS",
        "ref": "nixos-unstable",
        "repo": "nixpkgs",
        "type": "github"
      }
    },
    "root": {
      "inputs": {
        "nixpkgs": "nixpkgs",
        "nixpkgs-unstable": "nixpkgs-unstable"
      }
    }
  },
  "root": "root",
  "version": 7
}
